// !$*UTF8*$!
{
	archiveVersion = 1;
	classes = {
	};
	objectVersion = 55;
	objects = {

/* Begin PBXBuildFile section */
		D3029D09288765F600233870 /* LIghtARView.swift in Sources */ = {isa = PBXBuildFile; fileRef = D3029D08288765F600233870 /* LIghtARView.swift */; };
		D329BBF1285FD3EF008A2167 /* SkeletonJoint.swift in Sources */ = {isa = PBXBuildFile; fileRef = D329BBF0285FD3EF008A2167 /* SkeletonJoint.swift */; };
		D329BBF3285FD426008A2167 /* SkeletonBone.swift in Sources */ = {isa = PBXBuildFile; fileRef = D329BBF2285FD426008A2167 /* SkeletonBone.swift */; };
		D329BBF5285FD4BB008A2167 /* Bones.swift in Sources */ = {isa = PBXBuildFile; fileRef = D329BBF4285FD4BB008A2167 /* Bones.swift */; };
		D32D032A28612D96009C38A2 /* LightView.swift in Sources */ = {isa = PBXBuildFile; fileRef = D32D032928612D96009C38A2 /* LightView.swift */; };
		D395E09B2888B336004E753F /* PostProcessingARView.swift in Sources */ = {isa = PBXBuildFile; fileRef = D395E09A2888B336004E753F /* PostProcessingARView.swift */; };
		D395E09D2888B90D004E753F /* MetalARView.swift in Sources */ = {isa = PBXBuildFile; fileRef = D395E09C2888B90D004E753F /* MetalARView.swift */; };
		D395E09F2888BA51004E753F /* FaceTrackingARView.swift in Sources */ = {isa = PBXBuildFile; fileRef = D395E09E2888BA51004E753F /* FaceTrackingARView.swift */; };
		D395E0A12888BAA4004E753F /* ObjectTrackingARView.swift in Sources */ = {isa = PBXBuildFile; fileRef = D395E0A02888BAA4004E753F /* ObjectTrackingARView.swift */; };
		D395E0A32888BB1A004E753F /* ImageTrackingARView.swift in Sources */ = {isa = PBXBuildFile; fileRef = D395E0A22888BB1A004E753F /* ImageTrackingARView.swift */; };
		D3D266C6288B616900FB038B /* ImageTrackingObject.swift in Sources */ = {isa = PBXBuildFile; fileRef = D3D266C5288B616900FB038B /* ImageTrackingObject.swift */; };
		D3D266C8288B663800FB038B /* TrackingImages.swift in Sources */ = {isa = PBXBuildFile; fileRef = D3D266C7288B663800FB038B /* TrackingImages.swift */; };
		D3E4075628536CC800EABC6B /* AppDelegate.swift in Sources */ = {isa = PBXBuildFile; fileRef = D3E4075528536CC800EABC6B /* AppDelegate.swift */; };
		D3E4075828536CC800EABC6B /* ContentView.swift in Sources */ = {isa = PBXBuildFile; fileRef = D3E4075728536CC800EABC6B /* ContentView.swift */; };
		D3E4075A28536CC800EABC6B /* Experience.rcproject in Sources */ = {isa = PBXBuildFile; fileRef = D3E4075928536CC800EABC6B /* Experience.rcproject */; };
		D3E4075C28536CCE00EABC6B /* Assets.xcassets in Resources */ = {isa = PBXBuildFile; fileRef = D3E4075B28536CCE00EABC6B /* Assets.xcassets */; };
		D3E4075F28536CCE00EABC6B /* Preview Assets.xcassets in Resources */ = {isa = PBXBuildFile; fileRef = D3E4075E28536CCE00EABC6B /* Preview Assets.xcassets */; };
		D3E5F418285DF57A00830798 /* PutObjectView.swift in Sources */ = {isa = PBXBuildFile; fileRef = D3E5F417285DF57A00830798 /* PutObjectView.swift */; };
		D3E5F41C285DF5CA00830798 /* StackObjectView.swift in Sources */ = {isa = PBXBuildFile; fileRef = D3E5F41B285DF5CA00830798 /* StackObjectView.swift */; };
		D3E5F429285DF7BA00830798 /* CardFlipView.swift in Sources */ = {isa = PBXBuildFile; fileRef = D3E5F428285DF7BA00830798 /* CardFlipView.swift */; };
		D3E5F42B285DF7DE00830798 /* MoveObjectView.swift in Sources */ = {isa = PBXBuildFile; fileRef = D3E5F42A285DF7DE00830798 /* MoveObjectView.swift */; };
		D3E5F42D285DF7FA00830798 /* FaceTrackingView.swift in Sources */ = {isa = PBXBuildFile; fileRef = D3E5F42C285DF7FA00830798 /* FaceTrackingView.swift */; };
		D3E5F42F285DF81600830798 /* BodyTrackingView.swift in Sources */ = {isa = PBXBuildFile; fileRef = D3E5F42E285DF81600830798 /* BodyTrackingView.swift */; };
		D3E5F431285DF83200830798 /* PostProcessingView.swift in Sources */ = {isa = PBXBuildFile; fileRef = D3E5F430285DF83200830798 /* PostProcessingView.swift */; };
		D3E5F433285DF84900830798 /* ImageTrackingView.swift in Sources */ = {isa = PBXBuildFile; fileRef = D3E5F432285DF84900830798 /* ImageTrackingView.swift */; };
		D3E5F435285DF87100830798 /* CoachinView.swift in Sources */ = {isa = PBXBuildFile; fileRef = D3E5F434285DF87100830798 /* CoachinView.swift */; };
		D3E5F437285DF89100830798 /* ManyMaterialView.swift in Sources */ = {isa = PBXBuildFile; fileRef = D3E5F436285DF89100830798 /* ManyMaterialView.swift */; };
		D3E5F439285DF8B000830798 /* ObjectTracking.swift in Sources */ = {isa = PBXBuildFile; fileRef = D3E5F438285DF8B000830798 /* ObjectTracking.swift */; };
		D3E5F43B285DF8CE00830798 /* MetalView.swift in Sources */ = {isa = PBXBuildFile; fileRef = D3E5F43A285DF8CE00830798 /* MetalView.swift */; };
		D3E5F43D285DF8EA00830798 /* RealityComposerView.swift in Sources */ = {isa = PBXBuildFile; fileRef = D3E5F43C285DF8EA00830798 /* RealityComposerView.swift */; };
		D3E5F441285E004400830798 /* ARShootingView.swift in Sources */ = {isa = PBXBuildFile; fileRef = D3E5F440285E004400830798 /* ARShootingView.swift */; };
		D3E5F443285E84C400830798 /* PutObjectARView.swift in Sources */ = {isa = PBXBuildFile; fileRef = D3E5F442285E84C400830798 /* PutObjectARView.swift */; };
		D3E5F445285E8A2800830798 /* StackObjectARView.swift in Sources */ = {isa = PBXBuildFile; fileRef = D3E5F444285E8A2800830798 /* StackObjectARView.swift */; };
		D3E5F447285E8EEB00830798 /* CoachingARView.swift in Sources */ = {isa = PBXBuildFile; fileRef = D3E5F446285E8EEB00830798 /* CoachingARView.swift */; };
		D3E5F465285E9DB000830798 /* ManyMaterialARView.swift in Sources */ = {isa = PBXBuildFile; fileRef = D3E5F464285E9DB000830798 /* ManyMaterialARView.swift */; };
		D3E5F469285EA99200830798 /* videoMaterial.mp4 in Resources */ = {isa = PBXBuildFile; fileRef = D3E5F468285EA57400830798 /* videoMaterial.mp4 */; };
		D3E5F46B285EAB2E00830798 /* MoveObjectARView.swift in Sources */ = {isa = PBXBuildFile; fileRef = D3E5F46A285EAB2E00830798 /* MoveObjectARView.swift */; };
/* End PBXBuildFile section */

/* Begin PBXFileReference section */
		D3029D08288765F600233870 /* LIghtARView.swift */ = {isa = PBXFileReference; lastKnownFileType = sourcecode.swift; path = LIghtARView.swift; sourceTree = "<group>"; };
		D329BBF0285FD3EF008A2167 /* SkeletonJoint.swift */ = {isa = PBXFileReference; lastKnownFileType = sourcecode.swift; path = SkeletonJoint.swift; sourceTree = "<group>"; };
		D329BBF2285FD426008A2167 /* SkeletonBone.swift */ = {isa = PBXFileReference; lastKnownFileType = sourcecode.swift; path = SkeletonBone.swift; sourceTree = "<group>"; };
		D329BBF4285FD4BB008A2167 /* Bones.swift */ = {isa = PBXFileReference; lastKnownFileType = sourcecode.swift; path = Bones.swift; sourceTree = "<group>"; };
		D32D032928612D96009C38A2 /* LightView.swift */ = {isa = PBXFileReference; lastKnownFileType = sourcecode.swift; path = LightView.swift; sourceTree = "<group>"; };
		D395E09A2888B336004E753F /* PostProcessingARView.swift */ = {isa = PBXFileReference; lastKnownFileType = sourcecode.swift; path = PostProcessingARView.swift; sourceTree = "<group>"; };
		D395E09C2888B90D004E753F /* MetalARView.swift */ = {isa = PBXFileReference; lastKnownFileType = sourcecode.swift; path = MetalARView.swift; sourceTree = "<group>"; };
		D395E09E2888BA51004E753F /* FaceTrackingARView.swift */ = {isa = PBXFileReference; lastKnownFileType = sourcecode.swift; path = FaceTrackingARView.swift; sourceTree = "<group>"; };
		D395E0A02888BAA4004E753F /* ObjectTrackingARView.swift */ = {isa = PBXFileReference; lastKnownFileType = sourcecode.swift; path = ObjectTrackingARView.swift; sourceTree = "<group>"; };
		D395E0A22888BB1A004E753F /* ImageTrackingARView.swift */ = {isa = PBXFileReference; lastKnownFileType = sourcecode.swift; path = ImageTrackingARView.swift; sourceTree = "<group>"; };
		D3D266C5288B616900FB038B /* ImageTrackingObject.swift */ = {isa = PBXFileReference; lastKnownFileType = sourcecode.swift; path = ImageTrackingObject.swift; sourceTree = "<group>"; };
		D3D266C7288B663800FB038B /* TrackingImages.swift */ = {isa = PBXFileReference; lastKnownFileType = sourcecode.swift; path = TrackingImages.swift; sourceTree = "<group>"; };
		D3E4075228536CC800EABC6B /* AR-Begginer.app */ = {isa = PBXFileReference; explicitFileType = wrapper.application; includeInIndex = 0; path = "AR-Begginer.app"; sourceTree = BUILT_PRODUCTS_DIR; };
		D3E4075528536CC800EABC6B /* AppDelegate.swift */ = {isa = PBXFileReference; lastKnownFileType = sourcecode.swift; path = AppDelegate.swift; sourceTree = "<group>"; };
		D3E4075728536CC800EABC6B /* ContentView.swift */ = {isa = PBXFileReference; lastKnownFileType = sourcecode.swift; path = ContentView.swift; sourceTree = "<group>"; };
		D3E4075928536CC800EABC6B /* Experience.rcproject */ = {isa = PBXFileReference; lastKnownFileType = file.rcproject; path = Experience.rcproject; sourceTree = "<group>"; };
		D3E4075B28536CCE00EABC6B /* Assets.xcassets */ = {isa = PBXFileReference; lastKnownFileType = folder.assetcatalog; path = Assets.xcassets; sourceTree = "<group>"; };
		D3E4075E28536CCE00EABC6B /* Preview Assets.xcassets */ = {isa = PBXFileReference; lastKnownFileType = folder.assetcatalog; path = "Preview Assets.xcassets"; sourceTree = "<group>"; };
		D3E5F417285DF57A00830798 /* PutObjectView.swift */ = {isa = PBXFileReference; lastKnownFileType = sourcecode.swift; path = PutObjectView.swift; sourceTree = "<group>"; };
		D3E5F41B285DF5CA00830798 /* StackObjectView.swift */ = {isa = PBXFileReference; lastKnownFileType = sourcecode.swift; path = StackObjectView.swift; sourceTree = "<group>"; };
		D3E5F428285DF7BA00830798 /* CardFlipView.swift */ = {isa = PBXFileReference; lastKnownFileType = sourcecode.swift; path = CardFlipView.swift; sourceTree = "<group>"; };
		D3E5F42A285DF7DE00830798 /* MoveObjectView.swift */ = {isa = PBXFileReference; lastKnownFileType = sourcecode.swift; path = MoveObjectView.swift; sourceTree = "<group>"; };
		D3E5F42C285DF7FA00830798 /* FaceTrackingView.swift */ = {isa = PBXFileReference; lastKnownFileType = sourcecode.swift; path = FaceTrackingView.swift; sourceTree = "<group>"; };
		D3E5F42E285DF81600830798 /* BodyTrackingView.swift */ = {isa = PBXFileReference; lastKnownFileType = sourcecode.swift; path = BodyTrackingView.swift; sourceTree = "<group>"; };
		D3E5F430285DF83200830798 /* PostProcessingView.swift */ = {isa = PBXFileReference; lastKnownFileType = sourcecode.swift; path = PostProcessingView.swift; sourceTree = "<group>"; };
		D3E5F432285DF84900830798 /* ImageTrackingView.swift */ = {isa = PBXFileReference; lastKnownFileType = sourcecode.swift; path = ImageTrackingView.swift; sourceTree = "<group>"; };
		D3E5F434285DF87100830798 /* CoachinView.swift */ = {isa = PBXFileReference; lastKnownFileType = sourcecode.swift; path = CoachinView.swift; sourceTree = "<group>"; };
		D3E5F436285DF89100830798 /* ManyMaterialView.swift */ = {isa = PBXFileReference; lastKnownFileType = sourcecode.swift; path = ManyMaterialView.swift; sourceTree = "<group>"; };
		D3E5F438285DF8B000830798 /* ObjectTracking.swift */ = {isa = PBXFileReference; lastKnownFileType = sourcecode.swift; path = ObjectTracking.swift; sourceTree = "<group>"; };
		D3E5F43A285DF8CE00830798 /* MetalView.swift */ = {isa = PBXFileReference; lastKnownFileType = sourcecode.swift; path = MetalView.swift; sourceTree = "<group>"; };
		D3E5F43C285DF8EA00830798 /* RealityComposerView.swift */ = {isa = PBXFileReference; lastKnownFileType = sourcecode.swift; path = RealityComposerView.swift; sourceTree = "<group>"; };
		D3E5F440285E004400830798 /* ARShootingView.swift */ = {isa = PBXFileReference; lastKnownFileType = sourcecode.swift; path = ARShootingView.swift; sourceTree = "<group>"; };
		D3E5F442285E84C400830798 /* PutObjectARView.swift */ = {isa = PBXFileReference; lastKnownFileType = sourcecode.swift; path = PutObjectARView.swift; sourceTree = "<group>"; };
		D3E5F444285E8A2800830798 /* StackObjectARView.swift */ = {isa = PBXFileReference; lastKnownFileType = sourcecode.swift; path = StackObjectARView.swift; sourceTree = "<group>"; };
		D3E5F446285E8EEB00830798 /* CoachingARView.swift */ = {isa = PBXFileReference; lastKnownFileType = sourcecode.swift; path = CoachingARView.swift; sourceTree = "<group>"; };
		D3E5F464285E9DB000830798 /* ManyMaterialARView.swift */ = {isa = PBXFileReference; lastKnownFileType = sourcecode.swift; path = ManyMaterialARView.swift; sourceTree = "<group>"; };
		D3E5F468285EA57400830798 /* videoMaterial.mp4 */ = {isa = PBXFileReference; lastKnownFileType = file; path = videoMaterial.mp4; sourceTree = "<group>"; };
		D3E5F46A285EAB2E00830798 /* MoveObjectARView.swift */ = {isa = PBXFileReference; lastKnownFileType = sourcecode.swift; path = MoveObjectARView.swift; sourceTree = "<group>"; };
/* End PBXFileReference section */

/* Begin PBXFrameworksBuildPhase section */
		D3E4074F28536CC800EABC6B /* Frameworks */ = {
			isa = PBXFrameworksBuildPhase;
			buildActionMask = 2147483647;
			files = (
			);
			runOnlyForDeploymentPostprocessing = 0;
		};
/* End PBXFrameworksBuildPhase section */

/* Begin PBXGroup section */
		D32D032828612D88009C38A2 /* Light */ = {
			isa = PBXGroup;
			children = (
				D32D032928612D96009C38A2 /* LightView.swift */,
				D3029D08288765F600233870 /* LIghtARView.swift */,
			);
			path = Light;
			sourceTree = "<group>";
		};
		D3E4074928536CC800EABC6B = {
			isa = PBXGroup;
			children = (
				D3E4075428536CC800EABC6B /* AR-Begginer */,
				D3E4075328536CC800EABC6B /* Products */,
			);
			sourceTree = "<group>";
		};
		D3E4075328536CC800EABC6B /* Products */ = {
			isa = PBXGroup;
			children = (
				D3E4075228536CC800EABC6B /* AR-Begginer.app */,
			);
			name = Products;
			sourceTree = "<group>";
		};
		D3E4075428536CC800EABC6B /* AR-Begginer */ = {
			isa = PBXGroup;
			children = (
				D32D032828612D88009C38A2 /* Light */,
				D3E5F43E285E002700830798 /* ARShooting */,
				D3E5F427285DF6C400830798 /* RealityComposer */,
				D3E5F426285DF66E00830798 /* Metal */,
				D3E5F425285DF66300830798 /* ObjectTracking */,
				D3E5F424285DF64D00830798 /* ManyMaterial */,
				D3E5F423285DF63600830798 /* CoachingView */,
				D3E5F422285DF62900830798 /* ImageTracking */,
				D3E5F421285DF61B00830798 /* PostProcessing */,
				D3E5F420285DF61600830798 /* BodyTracking */,
				D3E5F41F285DF61000830798 /* FaceTracking */,
				D3E5F41E285DF60100830798 /* MoveObject */,
				D3E5F41D285DF5DC00830798 /* CardFlip */,
				D3E5F41A285DF5B700830798 /* StackObject */,
				D3E5F419285DF57C00830798 /* PutObject */,
				D3E4075528536CC800EABC6B /* AppDelegate.swift */,
				D3E4075728536CC800EABC6B /* ContentView.swift */,
				D3E4075B28536CCE00EABC6B /* Assets.xcassets */,
				D3E4075D28536CCE00EABC6B /* Preview Content */,
			);
			path = "AR-Begginer";
			sourceTree = "<group>";
		};
		D3E4075D28536CCE00EABC6B /* Preview Content */ = {
			isa = PBXGroup;
			children = (
				D3E4075E28536CCE00EABC6B /* Preview Assets.xcassets */,
			);
			path = "Preview Content";
			sourceTree = "<group>";
		};
		D3E5F419285DF57C00830798 /* PutObject */ = {
			isa = PBXGroup;
			children = (
				D3E5F417285DF57A00830798 /* PutObjectView.swift */,
				D3E5F442285E84C400830798 /* PutObjectARView.swift */,
				D3E5F468285EA57400830798 /* videoMaterial.mp4 */,
			);
			path = PutObject;
			sourceTree = "<group>";
		};
		D3E5F41A285DF5B700830798 /* StackObject */ = {
			isa = PBXGroup;
			children = (
				D3E5F41B285DF5CA00830798 /* StackObjectView.swift */,
				D3E5F444285E8A2800830798 /* StackObjectARView.swift */,
			);
			path = StackObject;
			sourceTree = "<group>";
		};
		D3E5F41D285DF5DC00830798 /* CardFlip */ = {
			isa = PBXGroup;
			children = (
				D3E5F428285DF7BA00830798 /* CardFlipView.swift */,
			);
			path = CardFlip;
			sourceTree = "<group>";
		};
		D3E5F41E285DF60100830798 /* MoveObject */ = {
			isa = PBXGroup;
			children = (
				D3E5F42A285DF7DE00830798 /* MoveObjectView.swift */,
				D3E5F46A285EAB2E00830798 /* MoveObjectARView.swift */,
			);
			path = MoveObject;
			sourceTree = "<group>";
		};
		D3E5F41F285DF61000830798 /* FaceTracking */ = {
			isa = PBXGroup;
			children = (
				D3E5F42C285DF7FA00830798 /* FaceTrackingView.swift */,
				D395E09E2888BA51004E753F /* FaceTrackingARView.swift */,
			);
			path = FaceTracking;
			sourceTree = "<group>";
		};
		D3E5F420285DF61600830798 /* BodyTracking */ = {
			isa = PBXGroup;
			children = (
				D3E5F42E285DF81600830798 /* BodyTrackingView.swift */,
				D329BBF0285FD3EF008A2167 /* SkeletonJoint.swift */,
				D329BBF2285FD426008A2167 /* SkeletonBone.swift */,
				D329BBF4285FD4BB008A2167 /* Bones.swift */,
			);
			path = BodyTracking;
			sourceTree = "<group>";
		};
		D3E5F421285DF61B00830798 /* PostProcessing */ = {
			isa = PBXGroup;
			children = (
				D3E5F430285DF83200830798 /* PostProcessingView.swift */,
				D395E09A2888B336004E753F /* PostProcessingARView.swift */,
			);
			path = PostProcessing;
			sourceTree = "<group>";
		};
		D3E5F422285DF62900830798 /* ImageTracking */ = {
			isa = PBXGroup;
			children = (
				D3E5F432285DF84900830798 /* ImageTrackingView.swift */,
				D395E0A22888BB1A004E753F /* ImageTrackingARView.swift */,
				D3D266C5288B616900FB038B /* ImageTrackingObject.swift */,
				D3D266C7288B663800FB038B /* TrackingImages.swift */,
			);
			path = ImageTracking;
			sourceTree = "<group>";
		};
		D3E5F423285DF63600830798 /* CoachingView */ = {
			isa = PBXGroup;
			children = (
				D3E5F434285DF87100830798 /* CoachinView.swift */,
				D3E5F446285E8EEB00830798 /* CoachingARView.swift */,
			);
			path = CoachingView;
			sourceTree = "<group>";
		};
		D3E5F424285DF64D00830798 /* ManyMaterial */ = {
			isa = PBXGroup;
			children = (
				D3E5F436285DF89100830798 /* ManyMaterialView.swift */,
				D3E5F464285E9DB000830798 /* ManyMaterialARView.swift */,
			);
			path = ManyMaterial;
			sourceTree = "<group>";
		};
		D3E5F425285DF66300830798 /* ObjectTracking */ = {
			isa = PBXGroup;
			children = (
				D3E5F438285DF8B000830798 /* ObjectTracking.swift */,
				D395E0A02888BAA4004E753F /* ObjectTrackingARView.swift */,
			);
			path = ObjectTracking;
			sourceTree = "<group>";
		};
		D3E5F426285DF66E00830798 /* Metal */ = {
			isa = PBXGroup;
			children = (
				D3E5F43A285DF8CE00830798 /* MetalView.swift */,
				D395E09C2888B90D004E753F /* MetalARView.swift */,
			);
			path = Metal;
			sourceTree = "<group>";
		};
		D3E5F427285DF6C400830798 /* RealityComposer */ = {
			isa = PBXGroup;
			children = (
				D3E5F43C285DF8EA00830798 /* RealityComposerView.swift */,
				D3E4075928536CC800EABC6B /* Experience.rcproject */,
			);
			path = RealityComposer;
			sourceTree = "<group>";
		};
		D3E5F43E285E002700830798 /* ARShooting */ = {
			isa = PBXGroup;
			children = (
				D3E5F440285E004400830798 /* ARShootingView.swift */,
			);
			path = ARShooting;
			sourceTree = "<group>";
		};
/* End PBXGroup section */

/* Begin PBXNativeTarget section */
		D3E4075128536CC800EABC6B /* AR-Begginer */ = {
			isa = PBXNativeTarget;
			buildConfigurationList = D3E4076228536CCE00EABC6B /* Build configuration list for PBXNativeTarget "AR-Begginer" */;
			buildPhases = (
				D3E4074E28536CC800EABC6B /* Sources */,
				D3E4074F28536CC800EABC6B /* Frameworks */,
				D3E4075028536CC800EABC6B /* Resources */,
			);
			buildRules = (
			);
			dependencies = (
			);
			name = "AR-Begginer";
			productName = "AR-Begginer";
			productReference = D3E4075228536CC800EABC6B /* AR-Begginer.app */;
			productType = "com.apple.product-type.application";
		};
/* End PBXNativeTarget section */

/* Begin PBXProject section */
		D3E4074A28536CC800EABC6B /* Project object */ = {
			isa = PBXProject;
			attributes = {
				BuildIndependentTargetsInParallel = 1;
				LastSwiftUpdateCheck = 1340;
				LastUpgradeCheck = 1340;
				TargetAttributes = {
					D3E4075128536CC800EABC6B = {
						CreatedOnToolsVersion = 13.4.1;
					};
				};
			};
			buildConfigurationList = D3E4074D28536CC800EABC6B /* Build configuration list for PBXProject "AR-Begginer" */;
			compatibilityVersion = "Xcode 13.0";
			developmentRegion = en;
			hasScannedForEncodings = 0;
			knownRegions = (
				en,
				Base,
			);
			mainGroup = D3E4074928536CC800EABC6B;
			productRefGroup = D3E4075328536CC800EABC6B /* Products */;
			projectDirPath = "";
			projectRoot = "";
			targets = (
				D3E4075128536CC800EABC6B /* AR-Begginer */,
			);
		};
/* End PBXProject section */

/* Begin PBXResourcesBuildPhase section */
		D3E4075028536CC800EABC6B /* Resources */ = {
			isa = PBXResourcesBuildPhase;
			buildActionMask = 2147483647;
			files = (
				D3E4075F28536CCE00EABC6B /* Preview Assets.xcassets in Resources */,
				D3E4075C28536CCE00EABC6B /* Assets.xcassets in Resources */,
				D3E5F469285EA99200830798 /* videoMaterial.mp4 in Resources */,
			);
			runOnlyForDeploymentPostprocessing = 0;
		};
/* End PBXResourcesBuildPhase section */

/* Begin PBXSourcesBuildPhase section */
		D3E4074E28536CC800EABC6B /* Sources */ = {
			isa = PBXSourcesBuildPhase;
			buildActionMask = 2147483647;
			files = (
				D3E5F445285E8A2800830798 /* StackObjectARView.swift in Sources */,
				D3E5F435285DF87100830798 /* CoachinView.swift in Sources */,
				D3D266C8288B663800FB038B /* TrackingImages.swift in Sources */,
				D3029D09288765F600233870 /* LIghtARView.swift in Sources */,
				D3E5F43D285DF8EA00830798 /* RealityComposerView.swift in Sources */,
				D32D032A28612D96009C38A2 /* LightView.swift in Sources */,
				D395E09D2888B90D004E753F /* MetalARView.swift in Sources */,
				D329BBF5285FD4BB008A2167 /* Bones.swift in Sources */,
				D395E09F2888BA51004E753F /* FaceTrackingARView.swift in Sources */,
				D395E0A12888BAA4004E753F /* ObjectTrackingARView.swift in Sources */,
				D3E4075828536CC800EABC6B /* ContentView.swift in Sources */,
				D3E5F429285DF7BA00830798 /* CardFlipView.swift in Sources */,
				D3E5F46B285EAB2E00830798 /* MoveObjectARView.swift in Sources */,
				D3E5F447285E8EEB00830798 /* CoachingARView.swift in Sources */,
				D3E5F441285E004400830798 /* ARShootingView.swift in Sources */,
				D3E5F418285DF57A00830798 /* PutObjectView.swift in Sources */,
				D3E5F431285DF83200830798 /* PostProcessingView.swift in Sources */,
				D329BBF1285FD3EF008A2167 /* SkeletonJoint.swift in Sources */,
				D3E5F439285DF8B000830798 /* ObjectTracking.swift in Sources */,
				D3D266C6288B616900FB038B /* ImageTrackingObject.swift in Sources */,
				D3E4075628536CC800EABC6B /* AppDelegate.swift in Sources */,
				D3E5F465285E9DB000830798 /* ManyMaterialARView.swift in Sources */,
				D329BBF3285FD426008A2167 /* SkeletonBone.swift in Sources */,
				D3E5F41C285DF5CA00830798 /* StackObjectView.swift in Sources */,
				D3E5F433285DF84900830798 /* ImageTrackingView.swift in Sources */,
				D3E5F42B285DF7DE00830798 /* MoveObjectView.swift in Sources */,
				D395E0A32888BB1A004E753F /* ImageTrackingARView.swift in Sources */,
				D3E5F443285E84C400830798 /* PutObjectARView.swift in Sources */,
				D3E5F437285DF89100830798 /* ManyMaterialView.swift in Sources */,
				D3E5F42D285DF7FA00830798 /* FaceTrackingView.swift in Sources */,
				D3E5F43B285DF8CE00830798 /* MetalView.swift in Sources */,
				D3E5F42F285DF81600830798 /* BodyTrackingView.swift in Sources */,
				D395E09B2888B336004E753F /* PostProcessingARView.swift in Sources */,
				D3E4075A28536CC800EABC6B /* Experience.rcproject in Sources */,
			);
			runOnlyForDeploymentPostprocessing = 0;
		};
/* End PBXSourcesBuildPhase section */

/* Begin XCBuildConfiguration section */
		D3E4076028536CCE00EABC6B /* Debug */ = {
			isa = XCBuildConfiguration;
			buildSettings = {
				ALWAYS_SEARCH_USER_PATHS = NO;
				CLANG_ANALYZER_NONNULL = YES;
				CLANG_ANALYZER_NUMBER_OBJECT_CONVERSION = YES_AGGRESSIVE;
				CLANG_CXX_LANGUAGE_STANDARD = "gnu++17";
				CLANG_ENABLE_MODULES = YES;
				CLANG_ENABLE_OBJC_ARC = YES;
				CLANG_ENABLE_OBJC_WEAK = YES;
				CLANG_WARN_BLOCK_CAPTURE_AUTORELEASING = YES;
				CLANG_WARN_BOOL_CONVERSION = YES;
				CLANG_WARN_COMMA = YES;
				CLANG_WARN_CONSTANT_CONVERSION = YES;
				CLANG_WARN_DEPRECATED_OBJC_IMPLEMENTATIONS = YES;
				CLANG_WARN_DIRECT_OBJC_ISA_USAGE = YES_ERROR;
				CLANG_WARN_DOCUMENTATION_COMMENTS = YES;
				CLANG_WARN_EMPTY_BODY = YES;
				CLANG_WARN_ENUM_CONVERSION = YES;
				CLANG_WARN_INFINITE_RECURSION = YES;
				CLANG_WARN_INT_CONVERSION = YES;
				CLANG_WARN_NON_LITERAL_NULL_CONVERSION = YES;
				CLANG_WARN_OBJC_IMPLICIT_RETAIN_SELF = YES;
				CLANG_WARN_OBJC_LITERAL_CONVERSION = YES;
				CLANG_WARN_OBJC_ROOT_CLASS = YES_ERROR;
				CLANG_WARN_QUOTED_INCLUDE_IN_FRAMEWORK_HEADER = YES;
				CLANG_WARN_RANGE_LOOP_ANALYSIS = YES;
				CLANG_WARN_STRICT_PROTOTYPES = YES;
				CLANG_WARN_SUSPICIOUS_MOVE = YES;
				CLANG_WARN_UNGUARDED_AVAILABILITY = YES_AGGRESSIVE;
				CLANG_WARN_UNREACHABLE_CODE = YES;
				CLANG_WARN__DUPLICATE_METHOD_MATCH = YES;
				COPY_PHASE_STRIP = NO;
				DEBUG_INFORMATION_FORMAT = dwarf;
				ENABLE_STRICT_OBJC_MSGSEND = YES;
				ENABLE_TESTABILITY = YES;
				GCC_C_LANGUAGE_STANDARD = gnu11;
				GCC_DYNAMIC_NO_PIC = NO;
				GCC_NO_COMMON_BLOCKS = YES;
				GCC_OPTIMIZATION_LEVEL = 0;
				GCC_PREPROCESSOR_DEFINITIONS = (
					"DEBUG=1",
					"$(inherited)",
				);
				GCC_WARN_64_TO_32_BIT_CONVERSION = YES;
				GCC_WARN_ABOUT_RETURN_TYPE = YES_ERROR;
				GCC_WARN_UNDECLARED_SELECTOR = YES;
				GCC_WARN_UNINITIALIZED_AUTOS = YES_AGGRESSIVE;
				GCC_WARN_UNUSED_FUNCTION = YES;
				GCC_WARN_UNUSED_VARIABLE = YES;
				IPHONEOS_DEPLOYMENT_TARGET = 15.5;
				MTL_ENABLE_DEBUG_INFO = INCLUDE_SOURCE;
				MTL_FAST_MATH = YES;
				ONLY_ACTIVE_ARCH = YES;
				SDKROOT = iphoneos;
				SWIFT_ACTIVE_COMPILATION_CONDITIONS = DEBUG;
				SWIFT_OPTIMIZATION_LEVEL = "-Onone";
			};
			name = Debug;
		};
		D3E4076128536CCE00EABC6B /* Release */ = {
			isa = XCBuildConfiguration;
			buildSettings = {
				ALWAYS_SEARCH_USER_PATHS = NO;
				CLANG_ANALYZER_NONNULL = YES;
				CLANG_ANALYZER_NUMBER_OBJECT_CONVERSION = YES_AGGRESSIVE;
				CLANG_CXX_LANGUAGE_STANDARD = "gnu++17";
				CLANG_ENABLE_MODULES = YES;
				CLANG_ENABLE_OBJC_ARC = YES;
				CLANG_ENABLE_OBJC_WEAK = YES;
				CLANG_WARN_BLOCK_CAPTURE_AUTORELEASING = YES;
				CLANG_WARN_BOOL_CONVERSION = YES;
				CLANG_WARN_COMMA = YES;
				CLANG_WARN_CONSTANT_CONVERSION = YES;
				CLANG_WARN_DEPRECATED_OBJC_IMPLEMENTATIONS = YES;
				CLANG_WARN_DIRECT_OBJC_ISA_USAGE = YES_ERROR;
				CLANG_WARN_DOCUMENTATION_COMMENTS = YES;
				CLANG_WARN_EMPTY_BODY = YES;
				CLANG_WARN_ENUM_CONVERSION = YES;
				CLANG_WARN_INFINITE_RECURSION = YES;
				CLANG_WARN_INT_CONVERSION = YES;
				CLANG_WARN_NON_LITERAL_NULL_CONVERSION = YES;
				CLANG_WARN_OBJC_IMPLICIT_RETAIN_SELF = YES;
				CLANG_WARN_OBJC_LITERAL_CONVERSION = YES;
				CLANG_WARN_OBJC_ROOT_CLASS = YES_ERROR;
				CLANG_WARN_QUOTED_INCLUDE_IN_FRAMEWORK_HEADER = YES;
				CLANG_WARN_RANGE_LOOP_ANALYSIS = YES;
				CLANG_WARN_STRICT_PROTOTYPES = YES;
				CLANG_WARN_SUSPICIOUS_MOVE = YES;
				CLANG_WARN_UNGUARDED_AVAILABILITY = YES_AGGRESSIVE;
				CLANG_WARN_UNREACHABLE_CODE = YES;
				CLANG_WARN__DUPLICATE_METHOD_MATCH = YES;
				COPY_PHASE_STRIP = NO;
				DEBUG_INFORMATION_FORMAT = "dwarf-with-dsym";
				ENABLE_NS_ASSERTIONS = NO;
				ENABLE_STRICT_OBJC_MSGSEND = YES;
				GCC_C_LANGUAGE_STANDARD = gnu11;
				GCC_NO_COMMON_BLOCKS = YES;
				GCC_WARN_64_TO_32_BIT_CONVERSION = YES;
				GCC_WARN_ABOUT_RETURN_TYPE = YES_ERROR;
				GCC_WARN_UNDECLARED_SELECTOR = YES;
				GCC_WARN_UNINITIALIZED_AUTOS = YES_AGGRESSIVE;
				GCC_WARN_UNUSED_FUNCTION = YES;
				GCC_WARN_UNUSED_VARIABLE = YES;
				IPHONEOS_DEPLOYMENT_TARGET = 15.5;
				MTL_ENABLE_DEBUG_INFO = NO;
				MTL_FAST_MATH = YES;
				SDKROOT = iphoneos;
				SWIFT_COMPILATION_MODE = wholemodule;
				SWIFT_OPTIMIZATION_LEVEL = "-O";
				VALIDATE_PRODUCT = YES;
			};
			name = Release;
		};
		D3E4076328536CCE00EABC6B /* Debug */ = {
			isa = XCBuildConfiguration;
			buildSettings = {
				ASSETCATALOG_COMPILER_APPICON_NAME = AppIcon;
				ASSETCATALOG_COMPILER_GLOBAL_ACCENT_COLOR_NAME = AccentColor;
				CODE_SIGN_STYLE = Automatic;
				CURRENT_PROJECT_VERSION = 1;
				DEVELOPMENT_ASSET_PATHS = "\"AR-Begginer/Preview Content\"";
				DEVELOPMENT_TEAM = LSUSGUW6L4;
				ENABLE_PREVIEWS = YES;
				GENERATE_INFOPLIST_FILE = YES;
				INFOPLIST_KEY_NSCameraUsageDescription = "";
				INFOPLIST_KEY_UIApplicationSupportsIndirectInputEvents = YES;
				INFOPLIST_KEY_UILaunchScreen_Generation = YES;
				INFOPLIST_KEY_UIRequiredDeviceCapabilities = arkit;
				INFOPLIST_KEY_UIStatusBarHidden = YES;
				INFOPLIST_KEY_UISupportedInterfaceOrientations_iPad = "UIInterfaceOrientationPortrait UIInterfaceOrientationPortraitUpsideDown UIInterfaceOrientationLandscapeLeft UIInterfaceOrientationLandscapeRight";
				INFOPLIST_KEY_UISupportedInterfaceOrientations_iPhone = "UIInterfaceOrientationPortrait UIInterfaceOrientationLandscapeLeft UIInterfaceOrientationLandscapeRight";
				LD_RUNPATH_SEARCH_PATHS = (
					"$(inherited)",
					"@executable_path/Frameworks",
				);
				MARKETING_VERSION = 1.0;
				PRODUCT_BUNDLE_IDENTIFIER = "com.mizuki.AR-Begginer";
				PRODUCT_NAME = "$(TARGET_NAME)";
				SWIFT_EMIT_LOC_STRINGS = YES;
				SWIFT_VERSION = 5.0;
				TARGETED_DEVICE_FAMILY = "1,2";
			};
			name = Debug;
		};
		D3E4076428536CCE00EABC6B /* Release */ = {
			isa = XCBuildConfiguration;
			buildSettings = {
				ASSETCATALOG_COMPILER_APPICON_NAME = AppIcon;
				ASSETCATALOG_COMPILER_GLOBAL_ACCENT_COLOR_NAME = AccentColor;
				CODE_SIGN_STYLE = Automatic;
				CURRENT_PROJECT_VERSION = 1;
				DEVELOPMENT_ASSET_PATHS = "\"AR-Begginer/Preview Content\"";
				DEVELOPMENT_TEAM = LSUSGUW6L4;
				ENABLE_PREVIEWS = YES;
				GENERATE_INFOPLIST_FILE = YES;
				INFOPLIST_KEY_NSCameraUsageDescription = "";
				INFOPLIST_KEY_UIApplicationSupportsIndirectInputEvents = YES;
				INFOPLIST_KEY_UILaunchScreen_Generation = YES;
				INFOPLIST_KEY_UIRequiredDeviceCapabilities = arkit;
				INFOPLIST_KEY_UIStatusBarHidden = YES;
				INFOPLIST_KEY_UISupportedInterfaceOrientations_iPad = "UIInterfaceOrientationPortrait UIInterfaceOrientationPortraitUpsideDown UIInterfaceOrientationLandscapeLeft UIInterfaceOrientationLandscapeRight";
				INFOPLIST_KEY_UISupportedInterfaceOrientations_iPhone = "UIInterfaceOrientationPortrait UIInterfaceOrientationLandscapeLeft UIInterfaceOrientationLandscapeRight";
				LD_RUNPATH_SEARCH_PATHS = (
					"$(inherited)",
					"@executable_path/Frameworks",
				);
				MARKETING_VERSION = 1.0;
				PRODUCT_BUNDLE_IDENTIFIER = "com.mizuki.AR-Begginer";
				PRODUCT_NAME = "$(TARGET_NAME)";
				SWIFT_EMIT_LOC_STRINGS = YES;
				SWIFT_VERSION = 5.0;
				TARGETED_DEVICE_FAMILY = "1,2";
			};
			name = Release;
		};
/* End XCBuildConfiguration section */

/* Begin XCConfigurationList section */
		D3E4074D28536CC800EABC6B /* Build configuration list for PBXProject "AR-Begginer" */ = {
			isa = XCConfigurationList;
			buildConfigurations = (
				D3E4076028536CCE00EABC6B /* Debug */,
				D3E4076128536CCE00EABC6B /* Release */,
			);
			defaultConfigurationIsVisible = 0;
			defaultConfigurationName = Release;
		};
		D3E4076228536CCE00EABC6B /* Build configuration list for PBXNativeTarget "AR-Begginer" */ = {
			isa = XCConfigurationList;
			buildConfigurations = (
				D3E4076328536CCE00EABC6B /* Debug */,
				D3E4076428536CCE00EABC6B /* Release */,
			);
			defaultConfigurationIsVisible = 0;
			defaultConfigurationName = Release;
		};
/* End XCConfigurationList section */
	};
	rootObject = D3E4074A28536CC800EABC6B /* Project object */;
}
